
Microsoft Visual Studio Solution File, Format Version 12.00
# Visual Studio Version 17
VisualStudioVersion = 17.3.32825.248
MinimumVisualStudioVersion = 10.0.40219.1
Project("{FAE04EC0-301F-11D3-BF4B-00C04F79EFBC}") = "WMI_Win32_Query", "WMI_Win32_Query\WMI_Win32_Query.csproj", "{419DBD3B-0E97-4A8A-9834-422999ABDF91}"
EndProject
Project("{FAE04EC0-301F-11D3-BF4B-00C04F79EFBC}") = "WMI Test", "WMI Test\WMI Test.csproj", "{91717052-EC44-4571-BED7-15857AD1841A}"
EndProject
Global
	GlobalSection(SolutionConfigurationPlatforms) = preSolution
		Debug|Any CPU = Debug|Any CPU
		Release|Any CPU = Release|Any CPU
	EndGlobalSection
	GlobalSection(ProjectConfigurationPlatforms) = postSolution
		{419DBD3B-0E97-4A8A-9834-422999ABDF91}.Debug|Any CPU.ActiveCfg = Debug|Any CPU
		{419DBD3B-0E97-4A8A-9834-422999ABDF91}.Debug|Any CPU.Build.0 = Debug|Any CPU
		{419DBD3B-0E97-4A8A-9834-422999ABDF91}.Release|Any CPU.ActiveCfg = Release|Any CPU
		{419DBD3B-0E97-4A8A-9834-422999ABDF91}.Release|Any CPU.Build.0 = Release|Any CPU
		{91717052-EC44-4571-BED7-15857AD1841A}.Debug|Any CPU.ActiveCfg = Debug|Any CPU
		{91717052-EC44-4571-BED7-15857AD1841A}.Debug|Any CPU.Build.0 = Debug|Any CPU
		{91717052-EC44-4571-BED7-15857AD1841A}.Release|Any CPU.ActiveCfg = Release|Any CPU
		{91717052-EC44-4571-BED7-15857AD1841A}.Release|Any CPU.Build.0 = Release|Any CPU
	EndGlobalSection
	GlobalSection(SolutionProperties) = preSolution
		HideSolutionNode = FALSE
	EndGlobalSection
	GlobalSection(ExtensibilityGlobals) = postSolution
		SolutionGuid = {29489FA4-1415-4C82-95C0-8695EE7B5C6D}
	EndGlobalSection
EndGlobal
